
Microsoft Visual Studio Solution File, Format Version 12.00
# Visual Studio 15
VisualStudioVersion = 15.0.28307.271
MinimumVisualStudioVersion = 10.0.40219.1
Project("{FAE04EC0-301F-11D3-BF4B-00C04F79EFBC}") = "AudioDevices", "AudioDevices\AudioDevices.csproj", "{79A77A46-6AF3-4F14-8E09-F492EFD779CC}"
EndProject
Project("{FAE04EC0-301F-11D3-BF4B-00C04F79EFBC}") = "SoundharpConsole", "SoundharpConsole\SoundharpConsole.csproj", "{B4BFE03C-AFB4-4907-AD94-4710A8E3D263}"
EndProject
Global
	GlobalSection(SolutionConfigurationPlatforms) = preSolution
		Debug|Any CPU = Debug|Any CPU
		Release|Any CPU = Release|Any CPU
	EndGlobalSection
	GlobalSection(ProjectConfigurationPlatforms) = postSolution
		{79A77A46-6AF3-4F14-8E09-F492EFD779CC}.Debug|Any CPU.ActiveCfg = Debug|Any CPU
		{79A77A46-6AF3-4F14-8E09-F492EFD779CC}.Debug|Any CPU.Build.0 = Debug|Any CPU
		{79A77A46-6AF3-4F14-8E09-F492EFD779CC}.Release|Any CPU.ActiveCfg = Release|Any CPU
		{79A77A46-6AF3-4F14-8E09-F492EFD779CC}.Release|Any CPU.Build.0 = Release|Any CPU
		{B4BFE03C-AFB4-4907-AD94-4710A8E3D263}.Debug|Any CPU.ActiveCfg = Debug|Any CPU
		{B4BFE03C-AFB4-4907-AD94-4710A8E3D263}.Debug|Any CPU.Build.0 = Debug|Any CPU
		{B4BFE03C-AFB4-4907-AD94-4710A8E3D263}.Release|Any CPU.ActiveCfg = Release|Any CPU
		{B4BFE03C-AFB4-4907-AD94-4710A8E3D263}.Release|Any CPU.Build.0 = Release|Any CPU
	EndGlobalSection
	GlobalSection(SolutionProperties) = preSolution
		HideSolutionNode = FALSE
	EndGlobalSection
	GlobalSection(ExtensibilityGlobals) = postSolution
		SolutionGuid = {8835E378-5B3B-44BA-888B-1EE1DF43E30C}
	EndGlobalSection
EndGlobal
